{
  "name": "abap2UI5-samples",
  "version": "1.0.0",
  "lockfileVersion": 3,
  "requires": true,
  "packages": {
    "": {
      "name": "abap2UI5-samples",
      "version": "1.0.0",
      "license": "MIT",
      "devDependencies": {
        "@abap2ui5/linter": "^0.4.1",
        "@abap2ui5/render-runtime": "^0.4.1",
        "@abaplint/cli": "^2.120.23"
      },
      "engines": {
        "node": ">=22"
      }
    },
    "node_modules/@abap2ui5/linter": {
      "version": "0.4.1",
      "resolved": "https://registry.npmjs.org/@abap2ui5/linter/-/linter-0.4.1.tgz",
      "integrity": "sha512-lhPjNhRv0/rVNgeI37lJ1ceVh81KuUe2Bcfpz2N/WtHcfVcRDJDMzSzE7dS2/r+uvg+J32Ovez/L0dfuijsbmQ==",
      "dev": true,
      "license": "MIT",
      "workspaces": [
        "render-runtime"
      ],
      "bin": {
        "abap2ui5lint": "cli.mjs"
      },
      "engines": {
        "node": ">=22"
      },
      "peerDependencies": {
        "@abap2ui5/render-runtime": "^0.1.0 || ^0.2.0 || ^0.3.0 || ^0.4.0"
      },
      "peerDependenciesMeta": {
        "@abap2ui5/render-runtime": {
          "optional": true
        }
      }
    },
    "node_modules/@abap2ui5/render-runtime": {
      "version": "0.4.1",
      "resolved": "https://registry.npmjs.org/@abap2ui5/render-runtime/-/render-runtime-0.4.1.tgz",
      "integrity": "sha512-DHB4ea/bl7wNMQYBZmr2JeqLzI8IjCpYPLpAI4zEDIOGdlwn/ltMVjD0YVBwng0mA2uEUg073eldJVDF5rvtJQ==",
      "dev": true,
      "license": "MIT",
      "dependencies": {
        "@openui5/sap.f": "1.151.0",
        "@openui5/sap.m": "1.151.0",
        "@openui5/sap.tnt": "1.151.0",
        "@openui5/sap.ui.codeeditor": "1.151.0",
        "@openui5/sap.ui.core": "1.151.0",
        "@openui5/sap.ui.integration": "1.151.0",
        "@openui5/sap.ui.layout": "1.151.0",
        "@openui5/sap.ui.table": "1.151.0",
        "@openui5/sap.ui.unified": "1.151.0",
        "@openui5/sap.uxap": "1.151.0",
        "@openui5/themelib_sap_horizon": "1.151.0",
        "less-openui5": "^0.12.0",
        "playwright": "^1.61.1"
      },
      "engines": {
        "node": ">=22"
      }
    },
    "node_modules/@abaplint/cli": {
      "version": "2.120.24",
      "resolved": "https://registry.npmjs.org/@abaplint/cli/-/cli-2.120.24.tgz",
      "integrity": "sha512-NOIxEvjhFeUDTxa3UYwiAbGiHaEC9r9u/b8eh3LoqWitt6rG7Z/FGAYnGgD8swGfpZe3vXp5atDyOJFhZ2DbUQ==",
      "dev": true,
      "license": "MIT",
      "bin": {
        "abaplint": "abaplint"
      },
      "engines": {
        "node": ">=22.0.0"
      },
      "funding": {
        "url": "https://github.com/sponsors/larshp"
      }
    },
    "node_modules/@adobe/css-tools": {
      "version": "4.5.0",
      "resolved": "https://registry.npmjs.org/@adobe/css-tools/-/css-tools-4.5.0.tgz",
      "integrity": "sha512-6OzddxPio9UiWTCemp4N8cYLV2ZN1ncRnV1cVGtve7dhPOtRkleRyx32GQCYSwDYgaHU3USMm84tNsvKzRCa1Q==",
      "dev": true,
      "license": "MIT"
    },
    "node_modules/@openui5/sap.f": {
      "version": "1.151.0",
      "resolved": "https://registry.npmjs.org/@openui5/sap.f/-/sap.f-1.151.0.tgz",
      "integrity": "sha512-nSNAM+/Gqniqk53rakq0heM2dJ0I14ert6s3sA93DjHBZpQOcaAchfY5idzI2OSU3G7OHtbOZKCrfwSZ2eSVZQ==",
      "dev": true,
      "license": "Apache-2.0",
      "dependencies": {
        "@openui5/sap.m": "1.151.0",
        "@openui5/sap.ui.core": "1.151.0",
        "@openui5/sap.ui.layout": "1.151.0"
      }
    },
    "node_modules/@openui5/sap.m": {
      "version": "1.151.0",
      "resolved": "https://registry.npmjs.org/@openui5/sap.m/-/sap.m-1.151.0.tgz",
      "integrity": "sha512-CzGB4/ckoCHrlpSvsah2seGYvb/nOqoWqYtKHI0TncGaQ/bKq0omqsa3Z0rGApqXWv/wWS6O1EYBgDlv5NWFPQ==",
      "dev": true,
      "license": "Apache-2.0",
      "dependencies": {
        "@openui5/sap.ui.core": "1.151.0",
        "@openui5/sap.ui.layout": "1.151.0",
        "@openui5/sap.ui.unified": "1.151.0"
      }
    },
    "node_modules/@openui5/sap.tnt": {
      "version": "1.151.0",
      "resolved": "https://registry.npmjs.org/@openui5/sap.tnt/-/sap.tnt-1.151.0.tgz",
      "integrity": "sha512-BEV7fShRmvq+mroDZASzT+jYyWPxNQI1k0y1ZXG/fYUhQ1pJYSphm1ZL0b+QCcc13o+m5jGQyy2WNJdiFJPnLw==",
      "dev": true,
      "license": "Apache-2.0",
      "dependencies": {
        "@openui5/sap.m": "1.151.0",
        "@openui5/sap.ui.core": "1.151.0"
      }
    },
    "node_modules/@openui5/sap.ui.codeeditor": {
      "version": "1.151.0",
      "resolved": "https://registry.npmjs.org/@openui5/sap.ui.codeeditor/-/sap.ui.codeeditor-1.151.0.tgz",
      "integrity": "sha512-rQ0Hdv+0HJLHrPjXMV1MC13QTa7z0OsG9nwxY5Rdk4GuFIfd0QM1IcQISFg77Jl+ng+SIJS09frIjz4oO/a8/g==",
      "dev": true,
      "license": "Apache-2.0",
      "dependencies": {
        "@openui5/sap.ui.core": "1.151.0"
      }
    },
    "node_modules/@openui5/sap.ui.core": {
      "version": "1.151.0",
      "resolved": "https://registry.npmjs.org/@openui5/sap.ui.core/-/sap.ui.core-1.151.0.tgz",
      "integrity": "sha512-0cIWVWZ4mmsAl+b+HKiK50mY0Pq4mBE10wC79xIwvK904f7yTUQW+TIqAmYIsXm0TrcxCqGY7DvfHnrVJTao5Q==",
      "dev": true,
      "license": "Apache-2.0"
    },
    "node_modules/@openui5/sap.ui.integration": {
      "version": "1.151.0",
      "resolved": "https://registry.npmjs.org/@openui5/sap.ui.integration/-/sap.ui.integration-1.151.0.tgz",
      "integrity": "sha512-dOUbakjdziJRIE+jy2S363A5W+1BqoPWJwbJ9IQDHq6VCoNDTYCaol+YXN2mpUH5IZfYCNMaW8OpBdDaZ7kBng==",
      "dev": true,
      "license": "Apache-2.0",
      "dependencies": {
        "@openui5/sap.f": "1.151.0",
        "@openui5/sap.m": "1.151.0",
        "@openui5/sap.ui.core": "1.151.0",
        "@openui5/sap.ui.layout": "1.151.0",
        "@openui5/sap.ui.unified": "1.151.0"
      }
    },
    "node_modules/@openui5/sap.ui.layout": {
      "version": "1.151.0",
      "resolved": "https://registry.npmjs.org/@openui5/sap.ui.layout/-/sap.ui.layout-1.151.0.tgz",
      "integrity": "sha512-TNhwtKkZLDcSfhxa5p6dpw7NvJ0qb9K70lq0fa15ahTi/RQKE3AAH4lz8Y40UwtJwtRGZN6TPz/hhBrfCvqC0A==",
      "dev": true,
      "license": "Apache-2.0",
      "dependencies": {
        "@openui5/sap.ui.core": "1.151.0"
      }
    },
    "node_modules/@openui5/sap.ui.table": {
      "version": "1.151.0",
      "resolved": "https://registry.npmjs.org/@openui5/sap.ui.table/-/sap.ui.table-1.151.0.tgz",
      "integrity": "sha512-TmSLiL/FclgO1k0cjMbBn1zYW1D4eE1Nw3D0gcCeWBX+Ph080TWaPkULBAyO+ZLrsFD/YPeDIqHru92JJbOdGA==",
      "dev": true,
      "license": "Apache-2.0",
      "dependencies": {
        "@openui5/sap.ui.core": "1.151.0",
        "@openui5/sap.ui.unified": "1.151.0"
      }
    },
    "node_modules/@openui5/sap.ui.unified": {
      "version": "1.151.0",
      "resolved": "https://registry.npmjs.org/@openui5/sap.ui.unified/-/sap.ui.unified-1.151.0.tgz",
      "integrity": "sha512-GPnsaXfLwXfgBt0pT1WvbXXZL5xwCz2D2BcFbupHn51abz9FGZsiroASnbZLuP3XFoxXGBJBbNLAbAoWOfX+bQ==",
      "dev": true,
      "license": "Apache-2.0",
      "dependencies": {
        "@openui5/sap.ui.core": "1.151.0"
      }
    },
    "node_modules/@openui5/sap.uxap": {
      "version": "1.151.0",
      "resolved": "https://registry.npmjs.org/@openui5/sap.uxap/-/sap.uxap-1.151.0.tgz",
      "integrity": "sha512-VqdvIaSbGX3Ex7hI3GuTrH33OmWiBhg8/HECNTVSmsVQTwesRYR6lPjZANzKmwPd5k1tL0JanXgSmgt7Akn2yA==",
      "dev": true,
      "license": "Apache-2.0",
      "dependencies": {
        "@openui5/sap.f": "1.151.0",
        "@openui5/sap.m": "1.151.0",
        "@openui5/sap.ui.core": "1.151.0",
        "@openui5/sap.ui.layout": "1.151.0"
      }
    },
    "node_modules/@openui5/themelib_sap_horizon": {
      "version": "1.151.0",
      "resolved": "https://registry.npmjs.org/@openui5/themelib_sap_horizon/-/themelib_sap_horizon-1.151.0.tgz",
      "integrity": "sha512-kyNiL/WlEQV1WrYneI8KZBpPmHzwpaPVLn0kqOS61XUgWz0z97ESmarAT3JuX7gzNAx4vxEaV5bXSYZ1VDxWng==",
      "dev": true,
      "license": "Apache-2.0"
    },
    "node_modules/fsevents": {
      "version": "2.3.2",
      "resolved": "https://registry.npmjs.org/fsevents/-/fsevents-2.3.2.tgz",
      "integrity": "sha512-xiqMQR4xAeHTuB9uWm+fFRcIOgKBMiOBP+eXiyT7jsgVCq1bkVygt00oASowB7EdtpOHaaPgKt812P9ab+DDKA==",
      "dev": true,
      "hasInstallScript": true,
      "license": "MIT",
      "optional": true,
      "os": [
        "darwin"
      ],
      "engines": {
        "node": "^8.16.0 || ^10.6.0 || >=11.0.0"
      }
    },
    "node_modules/less-openui5": {
      "version": "0.12.0",
      "resolved": "https://registry.npmjs.org/less-openui5/-/less-openui5-0.12.0.tgz",
      "integrity": "sha512-7CvQYmuODBCWAh9RBKevdx2+aNIjVPaWpS/XxPfxe8hJNvOY5IcXdTchFahwhVmILzPMOqZDKykGQr5GMq6iJg==",
      "dev": true,
      "license": "Apache-2.0",
      "dependencies": {
        "@adobe/css-tools": "^4.5.0",
        "mime": "^1.6.0"
      },
      "engines": {
        "node": "^20.11.0 || >=22.0.0",
        "npm": ">= 8"
      }
    },
    "node_modules/mime": {
      "version": "1.6.0",
      "resolved": "https://registry.npmjs.org/mime/-/mime-1.6.0.tgz",
      "integrity": "sha512-x0Vn8spI+wuJ1O6S7gnbaQg8Pxh4NNHb7KSINmEWKiPE4RKOplvijn+NkmYmmRgP68mc70j2EbeTFRsrswaQeg==",
      "dev": true,
      "license": "MIT",
      "bin": {
        "mime": "cli.js"
      },
      "engines": {
        "node": ">=4"
      }
    },
    "node_modules/playwright": {
      "version": "1.62.1",
      "resolved": "https://registry.npmjs.org/playwright/-/playwright-1.62.1.tgz",
      "integrity": "sha512-0M+L3LAD8/nm554LOla9Ayx0j0tmFZ0FBcoQ7F1VuVHpM/XpiC8RcDzBQB8W5+hA8L22THxELzeF+2WcUzvcLg==",
      "dev": true,
      "license": "Apache-2.0",
      "dependencies": {
        "playwright-core": "1.62.1"
      },
      "bin": {
        "playwright": "cli.js"
      },
      "engines": {
        "node": ">=20"
      },
      "optionalDependencies": {
        "fsevents": "2.3.2"
      }
    },
    "node_modules/playwright-core": {
      "version": "1.62.1",
      "resolved": "https://registry.npmjs.org/playwright-core/-/playwright-core-1.62.1.tgz",
      "integrity": "sha512-wPYSwEBJY9GHraISXqyqtx0na0LpO3XEX7jNDhntbex7tzUS7kLnZsOlFruFJB4Hi/rhDMjXGqHewDZ68nYZVw==",
      "dev": true,
      "license": "Apache-2.0",
      "bin": {
        "playwright-core": "cli.js"
      },
      "engines": {
        "node": ">=20"
      }
    }
  }
}
