{
  "name": "abap2UI5-samples",
  "version": "1.0.0",
  "lockfileVersion": 3,
  "requires": true,
  "packages": {
    "": {
      "name": "abap2UI5-samples",
      "version": "1.0.0",
      "license": "MIT",
      "devDependencies": {
        "@abaplint/cli": "^2.119.64"
      }
    },
    "node_modules/@abaplint/cli": {
      "version": "2.119.64",
      "resolved": "https://registry.npmjs.org/@abaplint/cli/-/cli-2.119.64.tgz",
      "integrity": "sha512-JFVNjoblwe4huVxmh0hxX4v7biKAqlT766p4KyeDC4Wf30PyLL3WAad9ld7dIy20Efdh44P8wnEGMLWqZsygGA==",
      "dev": true,
      "license": "MIT",
      "bin": {
        "abaplint": "abaplint"
      },
      "engines": {
        "node": ">=18.0.0"
      },
      "funding": {
        "url": "https://github.com/sponsors/larshp"
      }
    }
  }
}
