{
  "name": "abap2UI5-samples",
  "version": "1.0.0",
  "lockfileVersion": 3,
  "requires": true,
  "packages": {
    "": {
      "name": "abap2UI5-samples",
      "version": "1.0.0",
      "license": "MIT",
      "devDependencies": {
        "@abaplint/cli": "^2.119.66"
      },
      "engines": {
        "node": ">=22"
      }
    },
    "node_modules/@abaplint/cli": {
      "version": "2.119.66",
      "resolved": "https://registry.npmjs.org/@abaplint/cli/-/cli-2.119.66.tgz",
      "integrity": "sha512-Anjsm5G0jUnWwEAZrk2Ckm0we+VCrwjc/MOMSSk+774VJ6ka1ovkj981Y8BJdbxcKgKzIvn+D/ddap/tdxMFbw==",
      "dev": true,
      "license": "MIT",
      "bin": {
        "abaplint": "abaplint"
      },
      "engines": {
        "node": ">=18.0.0"
      },
      "funding": {
        "url": "https://github.com/sponsors/larshp"
      }
    }
  }
}
