name: check-rule-block

# The abaplint rule block is shared with abap2UI5/samples and
# abap2UI5/samples-controls, and abaplint.jsonc says so in a comment. A comment
# is a request; three hand-synced copies drift - not with a bang, but with
# somebody switching one rule off to get a pull request through and never
# coming back. This compares the rule NAMES against the other two on main.
#
# It fetches them, so it is the one gate here that talks to the network. When
# that fails it says so and passes: this repository's checks must not go red
# because github.com is unreachable.

on:
  pull_request:
  push:
    branches: [main]

permissions:
  contents: read

concurrency:
  group: check-rule-block-${{ github.ref }}
  cancel-in-progress: true

jobs:
  check-rule-block:
    runs-on: ubuntu-latest
    timeout-minutes: 5
    steps:
    - uses: actions/checkout@3d3c42e5aac5ba805825da76410c181273ba90b1 # v7.0.1
    - uses: actions/setup-node@820762786026740c76f36085b0efc47a31fe5020 # v7.0.0
      with:
        node-version: '22'
    - run: node scripts/check-rule-block.mjs
